
Microsoft Visual Studio Solution File, Format Version 12.00
# Visual Studio Version 17
VisualStudioVersion = 17.12.35527.113
MinimumVisualStudioVersion = 10.0.40219.1
Project("{FAE04EC0-301F-11D3-BF4B-00C04F79EFBC}") = "DCS.Contact", "DCS.Contact\DCS.Contact.csproj", "{92928B41-155D-45DF-B72A-8C100867442F}"
EndProject
Project("{FAE04EC0-301F-11D3-BF4B-00C04F79EFBC}") = "DCS.Contact.Data", "DCS.Contact.Data\DCS.Contact.Data.csproj", "{0723FFE3-A2A5-15B7-3A86-F7A7D6A15B93}"
EndProject
Project("{FAE04EC0-301F-11D3-BF4B-00C04F79EFBC}") = "DCS.Contact.Service", "DCS.Contact.Service\DCS.Contact.Service.csproj", "{99C9FD41-1B6E-5E38-29C3-52FA4D524986}"
EndProject
Project("{FAE04EC0-301F-11D3-BF4B-00C04F79EFBC}") = "DCS.Contact.UI", "DCS.Contact.UI\DCS.Contact.UI.csproj", "{F07A77BB-41FE-B62B-9E56-8B96A53D66B5}"
EndProject
Global
	GlobalSection(SolutionConfigurationPlatforms) = preSolution
		Debug|Any CPU = Debug|Any CPU
		Release|Any CPU = Release|Any CPU
	EndGlobalSection
	GlobalSection(ProjectConfigurationPlatforms) = postSolution
		{92928B41-155D-45DF-B72A-8C100867442F}.Debug|Any CPU.ActiveCfg = Debug|Any CPU
		{92928B41-155D-45DF-B72A-8C100867442F}.Debug|Any CPU.Build.0 = Debug|Any CPU
		{92928B41-155D-45DF-B72A-8C100867442F}.Release|Any CPU.ActiveCfg = Release|Any CPU
		{92928B41-155D-45DF-B72A-8C100867442F}.Release|Any CPU.Build.0 = Release|Any CPU
		{0723FFE3-A2A5-15B7-3A86-F7A7D6A15B93}.Debug|Any CPU.ActiveCfg = Debug|Any CPU
		{0723FFE3-A2A5-15B7-3A86-F7A7D6A15B93}.Debug|Any CPU.Build.0 = Debug|Any CPU
		{0723FFE3-A2A5-15B7-3A86-F7A7D6A15B93}.Release|Any CPU.ActiveCfg = Release|Any CPU
		{0723FFE3-A2A5-15B7-3A86-F7A7D6A15B93}.Release|Any CPU.Build.0 = Release|Any CPU
		{99C9FD41-1B6E-5E38-29C3-52FA4D524986}.Debug|Any CPU.ActiveCfg = Debug|Any CPU
		{99C9FD41-1B6E-5E38-29C3-52FA4D524986}.Debug|Any CPU.Build.0 = Debug|Any CPU
		{99C9FD41-1B6E-5E38-29C3-52FA4D524986}.Release|Any CPU.ActiveCfg = Release|Any CPU
		{99C9FD41-1B6E-5E38-29C3-52FA4D524986}.Release|Any CPU.Build.0 = Release|Any CPU
		{F07A77BB-41FE-B62B-9E56-8B96A53D66B5}.Debug|Any CPU.ActiveCfg = Debug|Any CPU
		{F07A77BB-41FE-B62B-9E56-8B96A53D66B5}.Debug|Any CPU.Build.0 = Debug|Any CPU
		{F07A77BB-41FE-B62B-9E56-8B96A53D66B5}.Release|Any CPU.ActiveCfg = Release|Any CPU
		{F07A77BB-41FE-B62B-9E56-8B96A53D66B5}.Release|Any CPU.Build.0 = Release|Any CPU
	EndGlobalSection
	GlobalSection(SolutionProperties) = preSolution
		HideSolutionNode = FALSE
	EndGlobalSection
EndGlobal
